<?xml version="1.0" encoding="utf-8"?>
<Project ToolsVersion="17.0" xmlns="http://schemas.microsoft.com/developer/msbuild/2003">
  <ItemGroup>
    <ClCompile Include="C:\src\osg2.6.1\OpenSceneGraph\src\osgManipulator\AntiSquish.cpp">
      <Filter>Source Files</Filter>
    </ClCompile>
    <ClCompile Include="C:\src\osg2.6.1\OpenSceneGraph\src\osgManipulator\Command.cpp">
      <Filter>Source Files</Filter>
    </ClCompile>
    <ClCompile Include="C:\src\osg2.6.1\OpenSceneGraph\src\osgManipulator\CommandManager.cpp">
      <Filter>Source Files</Filter>
    </ClCompile>
    <ClCompile Include="C:\src\osg2.6.1\OpenSceneGraph\src\osgManipulator\Constraint.cpp">
      <Filter>Source Files</Filter>
    </ClCompile>
    <ClCompile Include="C:\src\osg2.6.1\OpenSceneGraph\src\osgManipulator\Dragger.cpp">
      <Filter>Source Files</Filter>
    </ClCompile>
    <ClCompile Include="C:\src\osg2.6.1\OpenSceneGraph\src\osgManipulator\Projector.cpp">
      <Filter>Source Files</Filter>
    </ClCompile>
    <ClCompile Include="C:\src\osg2.6.1\OpenSceneGraph\src\osgManipulator\RotateCylinderDragger.cpp">
      <Filter>Source Files</Filter>
    </ClCompile>
    <ClCompile Include="C:\src\osg2.6.1\OpenSceneGraph\src\osgManipulator\RotateSphereDragger.cpp">
      <Filter>Source Files</Filter>
    </ClCompile>
    <ClCompile Include="C:\src\osg2.6.1\OpenSceneGraph\src\osgManipulator\Scale1DDragger.cpp">
      <Filter>Source Files</Filter>
    </ClCompile>
    <ClCompile Include="C:\src\osg2.6.1\OpenSceneGraph\src\osgManipulator\Scale2DDragger.cpp">
      <Filter>Source Files</Filter>
    </ClCompile>
    <ClCompile Include="C:\src\osg2.6.1\OpenSceneGraph\src\osgManipulator\ScaleAxisDragger.cpp">
      <Filter>Source Files</Filter>
    </ClCompile>
    <ClCompile Include="C:\src\osg2.6.1\OpenSceneGraph\src\osgManipulator\Selection.cpp">
      <Filter>Source Files</Filter>
    </ClCompile>
    <ClCompile Include="C:\src\osg2.6.1\OpenSceneGraph\src\osgManipulator\TabBoxDragger.cpp">
      <Filter>Source Files</Filter>
    </ClCompile>
    <ClCompile Include="C:\src\osg2.6.1\OpenSceneGraph\src\osgManipulator\TabPlaneDragger.cpp">
      <Filter>Source Files</Filter>
    </ClCompile>
    <ClCompile Include="C:\src\osg2.6.1\OpenSceneGraph\src\osgManipulator\TabPlaneTrackballDragger.cpp">
      <Filter>Source Files</Filter>
    </ClCompile>
    <ClCompile Include="C:\src\osg2.6.1\OpenSceneGraph\src\osgManipulator\TrackballDragger.cpp">
      <Filter>Source Files</Filter>
    </ClCompile>
    <ClCompile Include="C:\src\osg2.6.1\OpenSceneGraph\src\osgManipulator\Translate1DDragger.cpp">
      <Filter>Source Files</Filter>
    </ClCompile>
    <ClCompile Include="C:\src\osg2.6.1\OpenSceneGraph\src\osgManipulator\Translate2DDragger.cpp">
      <Filter>Source Files</Filter>
    </ClCompile>
    <ClCompile Include="C:\src\osg2.6.1\OpenSceneGraph\src\osgManipulator\TranslateAxisDragger.cpp">
      <Filter>Source Files</Filter>
    </ClCompile>
    <ClCompile Include="C:\src\osg2.6.1\OpenSceneGraph\src\osgManipulator\TranslatePlaneDragger.cpp">
      <Filter>Source Files</Filter>
    </ClCompile>
    <ClCompile Include="C:\src\osg2.6.1\OpenSceneGraph\src\osgManipulator\Version.cpp">
      <Filter>Source Files</Filter>
    </ClCompile>
  </ItemGroup>
  <ItemGroup>
    <CustomBuild Include="C:\src\osg2.6.1\OpenSceneGraph\src\osgManipulator\CMakeLists.txt" />
  </ItemGroup>
  <ItemGroup>
    <None Include="C:\src\osg2.6.1\OpenSceneGraph\include\osgManipulator\AntiSquish">
      <Filter>Header Files</Filter>
    </None>
    <None Include="C:\src\osg2.6.1\OpenSceneGraph\include\osgManipulator\Command">
      <Filter>Header Files</Filter>
    </None>
    <None Include="C:\src\osg2.6.1\OpenSceneGraph\include\osgManipulator\CommandManager">
      <Filter>Header Files</Filter>
    </None>
    <None Include="C:\src\osg2.6.1\OpenSceneGraph\include\osgManipulator\Constraint">
      <Filter>Header Files</Filter>
    </None>
    <None Include="C:\src\osg2.6.1\OpenSceneGraph\include\osgManipulator\Dragger">
      <Filter>Header Files</Filter>
    </None>
    <None Include="C:\src\osg2.6.1\OpenSceneGraph\include\osgManipulator\Export">
      <Filter>Header Files</Filter>
    </None>
    <None Include="C:\src\osg2.6.1\OpenSceneGraph\include\osgManipulator\Projector">
      <Filter>Header Files</Filter>
    </None>
    <None Include="C:\src\osg2.6.1\OpenSceneGraph\include\osgManipulator\RotateCylinderDragger">
      <Filter>Header Files</Filter>
    </None>
    <None Include="C:\src\osg2.6.1\OpenSceneGraph\include\osgManipulator\RotateSphereDragger">
      <Filter>Header Files</Filter>
    </None>
    <None Include="C:\src\osg2.6.1\OpenSceneGraph\include\osgManipulator\Scale1DDragger">
      <Filter>Header Files</Filter>
    </None>
    <None Include="C:\src\osg2.6.1\OpenSceneGraph\include\osgManipulator\Scale2DDragger">
      <Filter>Header Files</Filter>
    </None>
    <None Include="C:\src\osg2.6.1\OpenSceneGraph\include\osgManipulator\ScaleAxisDragger">
      <Filter>Header Files</Filter>
    </None>
    <None Include="C:\src\osg2.6.1\OpenSceneGraph\include\osgManipulator\Selection">
      <Filter>Header Files</Filter>
    </None>
    <None Include="C:\src\osg2.6.1\OpenSceneGraph\include\osgManipulator\TabBoxDragger">
      <Filter>Header Files</Filter>
    </None>
    <None Include="C:\src\osg2.6.1\OpenSceneGraph\include\osgManipulator\TabPlaneDragger">
      <Filter>Header Files</Filter>
    </None>
    <None Include="C:\src\osg2.6.1\OpenSceneGraph\include\osgManipulator\TabPlaneTrackballDragger">
      <Filter>Header Files</Filter>
    </None>
    <None Include="C:\src\osg2.6.1\OpenSceneGraph\include\osgManipulator\TrackballDragger">
      <Filter>Header Files</Filter>
    </None>
    <None Include="C:\src\osg2.6.1\OpenSceneGraph\include\osgManipulator\Translate1DDragger">
      <Filter>Header Files</Filter>
    </None>
    <None Include="C:\src\osg2.6.1\OpenSceneGraph\include\osgManipulator\Translate2DDragger">
      <Filter>Header Files</Filter>
    </None>
    <None Include="C:\src\osg2.6.1\OpenSceneGraph\include\osgManipulator\TranslateAxisDragger">
      <Filter>Header Files</Filter>
    </None>
    <None Include="C:\src\osg2.6.1\OpenSceneGraph\include\osgManipulator\TranslatePlaneDragger">
      <Filter>Header Files</Filter>
    </None>
    <None Include="C:\src\osg2.6.1\OpenSceneGraph\include\osgManipulator\Version">
      <Filter>Header Files</Filter>
    </None>
  </ItemGroup>
  <ItemGroup>
    <Filter Include="Header Files">
      <UniqueIdentifier>{153317EA-AC9E-3DA2-8389-BDBDCAFE6BAA}</UniqueIdentifier>
    </Filter>
    <Filter Include="Source Files">
      <UniqueIdentifier>{F7F73EB7-E351-383F-8A59-27F655577B0D}</UniqueIdentifier>
    </Filter>
  </ItemGroup>
</Project>
