<?xml version="1.0" encoding="utf-8"?>
<Project ToolsVersion="17.0" xmlns="http://schemas.microsoft.com/developer/msbuild/2003">
  <ItemGroup>
    <ClCompile Include="C:\src\osg2.6.1\OpenSceneGraph\src\OpenThreads\common\Atomic.cpp">
      <Filter>Source Files</Filter>
    </ClCompile>
    <ClCompile Include="C:\src\osg2.6.1\OpenSceneGraph\src\OpenThreads\common\Version.cpp">
      <Filter>Source Files</Filter>
    </ClCompile>
    <ClCompile Include="C:\src\osg2.6.1\OpenSceneGraph\src\OpenThreads\win32\WIN32Condition.cpp">
      <Filter>Source Files</Filter>
    </ClCompile>
    <ClCompile Include="C:\src\osg2.6.1\OpenSceneGraph\src\OpenThreads\win32\Win32Mutex.cpp">
      <Filter>Source Files</Filter>
    </ClCompile>
    <ClCompile Include="C:\src\osg2.6.1\OpenSceneGraph\src\OpenThreads\win32\Win32Thread.cpp">
      <Filter>Source Files</Filter>
    </ClCompile>
    <ClCompile Include="C:\src\osg2.6.1\OpenSceneGraph\src\OpenThreads\win32\Win32ThreadBarrier.cpp">
      <Filter>Source Files</Filter>
    </ClCompile>
  </ItemGroup>
  <ItemGroup>
    <CustomBuild Include="C:\src\osg2.6.1\OpenSceneGraph\src\OpenThreads\win32\CMakeLists.txt" />
  </ItemGroup>
  <ItemGroup>
    <Filter Include="Source Files">
      <UniqueIdentifier>{F7F73EB7-E351-383F-8A59-27F655577B0D}</UniqueIdentifier>
    </Filter>
  </ItemGroup>
</Project>
