
Microsoft Visual Studio Solution File, Format Version 12.00
# Visual Studio Version 17
Project("{2150E333-8FDC-42A3-9474-1A3956D46DE8}") = "CMakePredefinedTargets", "CMakePredefinedTargets", "{3E4ACBDF-F299-3D33-A3B1-5FEA80586601}"
EndProject
Project("{8BC9CEB8-8B4A-11D0-8D11-00A0C91BC942}") = "ALL_BUILD", "ALL_BUILD.vcxproj", "{C50A7712-A193-3038-9AE2-41E0EFCE27FF}"
	ProjectSection(ProjectDependencies) = postProject
		{47374672-47C2-3AD9-A725-17FCAB695393} = {47374672-47C2-3AD9-A725-17FCAB695393}
		{5657AB9C-6781-300A-BA9B-9E5ADDFC9830} = {5657AB9C-6781-300A-BA9B-9E5ADDFC9830}
		{7F172154-6C4F-3951-A20B-E37E57B771FB} = {7F172154-6C4F-3951-A20B-E37E57B771FB}
		{5E53C4D8-9132-318D-BDF9-B462C69B5E24} = {5E53C4D8-9132-318D-BDF9-B462C69B5E24}
		{2E1D22AF-E71F-376F-AF8C-ECE2B722C128} = {2E1D22AF-E71F-376F-AF8C-ECE2B722C128}
		{9E339267-79BF-349D-BA24-83E6B0ED5AFF} = {9E339267-79BF-349D-BA24-83E6B0ED5AFF}
	EndProjectSection
EndProject
Project("{8BC9CEB8-8B4A-11D0-8D11-00A0C91BC942}") = "INSTALL", "INSTALL.vcxproj", "{4D5BEB62-4180-3CF4-B705-6BCEAEC20A2E}"
	ProjectSection(ProjectDependencies) = postProject
		{C50A7712-A193-3038-9AE2-41E0EFCE27FF} = {C50A7712-A193-3038-9AE2-41E0EFCE27FF}
		{47374672-47C2-3AD9-A725-17FCAB695393} = {47374672-47C2-3AD9-A725-17FCAB695393}
	EndProjectSection
EndProject
Project("{8BC9CEB8-8B4A-11D0-8D11-00A0C91BC942}") = "OpenThreads", "..\src\OpenThreads\win32\OpenThreads.vcxproj", "{10592B96-AB69-36A4-841A-4177B2A1FDA6}"
	ProjectSection(ProjectDependencies) = postProject
		{47374672-47C2-3AD9-A725-17FCAB695393} = {47374672-47C2-3AD9-A725-17FCAB695393}
	EndProjectSection
EndProject
Project("{8BC9CEB8-8B4A-11D0-8D11-00A0C91BC942}") = "ZERO_CHECK", "..\\ZERO_CHECK.vcxproj", "{47374672-47C2-3AD9-A725-17FCAB695393}"
	ProjectSection(ProjectDependencies) = postProject
	EndProjectSection
EndProject
Project("{8BC9CEB8-8B4A-11D0-8D11-00A0C91BC942}") = "application_osgarchive", "osgarchive\application_osgarchive.vcxproj", "{5657AB9C-6781-300A-BA9B-9E5ADDFC9830}"
	ProjectSection(ProjectDependencies) = postProject
		{10592B96-AB69-36A4-841A-4177B2A1FDA6} = {10592B96-AB69-36A4-841A-4177B2A1FDA6}
		{47374672-47C2-3AD9-A725-17FCAB695393} = {47374672-47C2-3AD9-A725-17FCAB695393}
		{5249FC75-6BDF-33E8-90F5-66ED13082D94} = {5249FC75-6BDF-33E8-90F5-66ED13082D94}
		{5F3169EA-5DA2-3406-83BE-300ED45CE439} = {5F3169EA-5DA2-3406-83BE-300ED45CE439}
		{1CD419D0-9CC1-3C05-A7DA-C132B55D057B} = {1CD419D0-9CC1-3C05-A7DA-C132B55D057B}
		{9202CFD4-F2B0-3F53-9A62-12BDA61D461B} = {9202CFD4-F2B0-3F53-9A62-12BDA61D461B}
		{09BAECB6-1DB1-3F30-AF2A-D55CC85E01ED} = {09BAECB6-1DB1-3F30-AF2A-D55CC85E01ED}
		{1BF14650-F8FB-3022-93E2-F08EA3581411} = {1BF14650-F8FB-3022-93E2-F08EA3581411}
	EndProjectSection
EndProject
Project("{8BC9CEB8-8B4A-11D0-8D11-00A0C91BC942}") = "application_osgconv", "osgconv\application_osgconv.vcxproj", "{7F172154-6C4F-3951-A20B-E37E57B771FB}"
	ProjectSection(ProjectDependencies) = postProject
		{10592B96-AB69-36A4-841A-4177B2A1FDA6} = {10592B96-AB69-36A4-841A-4177B2A1FDA6}
		{47374672-47C2-3AD9-A725-17FCAB695393} = {47374672-47C2-3AD9-A725-17FCAB695393}
		{5249FC75-6BDF-33E8-90F5-66ED13082D94} = {5249FC75-6BDF-33E8-90F5-66ED13082D94}
		{5F3169EA-5DA2-3406-83BE-300ED45CE439} = {5F3169EA-5DA2-3406-83BE-300ED45CE439}
		{1CD419D0-9CC1-3C05-A7DA-C132B55D057B} = {1CD419D0-9CC1-3C05-A7DA-C132B55D057B}
		{9202CFD4-F2B0-3F53-9A62-12BDA61D461B} = {9202CFD4-F2B0-3F53-9A62-12BDA61D461B}
		{09BAECB6-1DB1-3F30-AF2A-D55CC85E01ED} = {09BAECB6-1DB1-3F30-AF2A-D55CC85E01ED}
		{1BF14650-F8FB-3022-93E2-F08EA3581411} = {1BF14650-F8FB-3022-93E2-F08EA3581411}
	EndProjectSection
EndProject
Project("{8BC9CEB8-8B4A-11D0-8D11-00A0C91BC942}") = "application_osgfilecache", "osgfilecache\application_osgfilecache.vcxproj", "{5E53C4D8-9132-318D-BDF9-B462C69B5E24}"
	ProjectSection(ProjectDependencies) = postProject
		{10592B96-AB69-36A4-841A-4177B2A1FDA6} = {10592B96-AB69-36A4-841A-4177B2A1FDA6}
		{47374672-47C2-3AD9-A725-17FCAB695393} = {47374672-47C2-3AD9-A725-17FCAB695393}
		{5249FC75-6BDF-33E8-90F5-66ED13082D94} = {5249FC75-6BDF-33E8-90F5-66ED13082D94}
		{5F3169EA-5DA2-3406-83BE-300ED45CE439} = {5F3169EA-5DA2-3406-83BE-300ED45CE439}
		{1CD419D0-9CC1-3C05-A7DA-C132B55D057B} = {1CD419D0-9CC1-3C05-A7DA-C132B55D057B}
		{5A32C59E-D2E1-3945-9818-A6B8D3037E7E} = {5A32C59E-D2E1-3945-9818-A6B8D3037E7E}
		{9202CFD4-F2B0-3F53-9A62-12BDA61D461B} = {9202CFD4-F2B0-3F53-9A62-12BDA61D461B}
		{09BAECB6-1DB1-3F30-AF2A-D55CC85E01ED} = {09BAECB6-1DB1-3F30-AF2A-D55CC85E01ED}
		{1BF14650-F8FB-3022-93E2-F08EA3581411} = {1BF14650-F8FB-3022-93E2-F08EA3581411}
	EndProjectSection
EndProject
Project("{8BC9CEB8-8B4A-11D0-8D11-00A0C91BC942}") = "application_osgversion", "osgversion\application_osgversion.vcxproj", "{2E1D22AF-E71F-376F-AF8C-ECE2B722C128}"
	ProjectSection(ProjectDependencies) = postProject
		{10592B96-AB69-36A4-841A-4177B2A1FDA6} = {10592B96-AB69-36A4-841A-4177B2A1FDA6}
		{47374672-47C2-3AD9-A725-17FCAB695393} = {47374672-47C2-3AD9-A725-17FCAB695393}
		{5249FC75-6BDF-33E8-90F5-66ED13082D94} = {5249FC75-6BDF-33E8-90F5-66ED13082D94}
	EndProjectSection
EndProject
Project("{8BC9CEB8-8B4A-11D0-8D11-00A0C91BC942}") = "application_osgviewer", "osgviewer\application_osgviewer.vcxproj", "{9E339267-79BF-349D-BA24-83E6B0ED5AFF}"
	ProjectSection(ProjectDependencies) = postProject
		{10592B96-AB69-36A4-841A-4177B2A1FDA6} = {10592B96-AB69-36A4-841A-4177B2A1FDA6}
		{47374672-47C2-3AD9-A725-17FCAB695393} = {47374672-47C2-3AD9-A725-17FCAB695393}
		{5249FC75-6BDF-33E8-90F5-66ED13082D94} = {5249FC75-6BDF-33E8-90F5-66ED13082D94}
		{5F3169EA-5DA2-3406-83BE-300ED45CE439} = {5F3169EA-5DA2-3406-83BE-300ED45CE439}
		{1CD419D0-9CC1-3C05-A7DA-C132B55D057B} = {1CD419D0-9CC1-3C05-A7DA-C132B55D057B}
		{9202CFD4-F2B0-3F53-9A62-12BDA61D461B} = {9202CFD4-F2B0-3F53-9A62-12BDA61D461B}
		{09BAECB6-1DB1-3F30-AF2A-D55CC85E01ED} = {09BAECB6-1DB1-3F30-AF2A-D55CC85E01ED}
		{1BF14650-F8FB-3022-93E2-F08EA3581411} = {1BF14650-F8FB-3022-93E2-F08EA3581411}
	EndProjectSection
EndProject
Project("{8BC9CEB8-8B4A-11D0-8D11-00A0C91BC942}") = "osg", "..\src\osg\osg.vcxproj", "{5249FC75-6BDF-33E8-90F5-66ED13082D94}"
	ProjectSection(ProjectDependencies) = postProject
		{10592B96-AB69-36A4-841A-4177B2A1FDA6} = {10592B96-AB69-36A4-841A-4177B2A1FDA6}
		{47374672-47C2-3AD9-A725-17FCAB695393} = {47374672-47C2-3AD9-A725-17FCAB695393}
	EndProjectSection
EndProject
Project("{8BC9CEB8-8B4A-11D0-8D11-00A0C91BC942}") = "osgDB", "..\src\osgDB\osgDB.vcxproj", "{5F3169EA-5DA2-3406-83BE-300ED45CE439}"
	ProjectSection(ProjectDependencies) = postProject
		{10592B96-AB69-36A4-841A-4177B2A1FDA6} = {10592B96-AB69-36A4-841A-4177B2A1FDA6}
		{47374672-47C2-3AD9-A725-17FCAB695393} = {47374672-47C2-3AD9-A725-17FCAB695393}
		{5249FC75-6BDF-33E8-90F5-66ED13082D94} = {5249FC75-6BDF-33E8-90F5-66ED13082D94}
	EndProjectSection
EndProject
Project("{8BC9CEB8-8B4A-11D0-8D11-00A0C91BC942}") = "osgGA", "..\src\osgGA\osgGA.vcxproj", "{1CD419D0-9CC1-3C05-A7DA-C132B55D057B}"
	ProjectSection(ProjectDependencies) = postProject
		{10592B96-AB69-36A4-841A-4177B2A1FDA6} = {10592B96-AB69-36A4-841A-4177B2A1FDA6}
		{47374672-47C2-3AD9-A725-17FCAB695393} = {47374672-47C2-3AD9-A725-17FCAB695393}
		{5249FC75-6BDF-33E8-90F5-66ED13082D94} = {5249FC75-6BDF-33E8-90F5-66ED13082D94}
		{5F3169EA-5DA2-3406-83BE-300ED45CE439} = {5F3169EA-5DA2-3406-83BE-300ED45CE439}
		{09BAECB6-1DB1-3F30-AF2A-D55CC85E01ED} = {09BAECB6-1DB1-3F30-AF2A-D55CC85E01ED}
	EndProjectSection
EndProject
Project("{8BC9CEB8-8B4A-11D0-8D11-00A0C91BC942}") = "osgTerrain", "..\src\osgTerrain\osgTerrain.vcxproj", "{5A32C59E-D2E1-3945-9818-A6B8D3037E7E}"
	ProjectSection(ProjectDependencies) = postProject
		{10592B96-AB69-36A4-841A-4177B2A1FDA6} = {10592B96-AB69-36A4-841A-4177B2A1FDA6}
		{47374672-47C2-3AD9-A725-17FCAB695393} = {47374672-47C2-3AD9-A725-17FCAB695393}
		{5249FC75-6BDF-33E8-90F5-66ED13082D94} = {5249FC75-6BDF-33E8-90F5-66ED13082D94}
		{5F3169EA-5DA2-3406-83BE-300ED45CE439} = {5F3169EA-5DA2-3406-83BE-300ED45CE439}
		{09BAECB6-1DB1-3F30-AF2A-D55CC85E01ED} = {09BAECB6-1DB1-3F30-AF2A-D55CC85E01ED}
	EndProjectSection
EndProject
Project("{8BC9CEB8-8B4A-11D0-8D11-00A0C91BC942}") = "osgText", "..\src\osgText\osgText.vcxproj", "{9202CFD4-F2B0-3F53-9A62-12BDA61D461B}"
	ProjectSection(ProjectDependencies) = postProject
		{10592B96-AB69-36A4-841A-4177B2A1FDA6} = {10592B96-AB69-36A4-841A-4177B2A1FDA6}
		{47374672-47C2-3AD9-A725-17FCAB695393} = {47374672-47C2-3AD9-A725-17FCAB695393}
		{5249FC75-6BDF-33E8-90F5-66ED13082D94} = {5249FC75-6BDF-33E8-90F5-66ED13082D94}
		{5F3169EA-5DA2-3406-83BE-300ED45CE439} = {5F3169EA-5DA2-3406-83BE-300ED45CE439}
	EndProjectSection
EndProject
Project("{8BC9CEB8-8B4A-11D0-8D11-00A0C91BC942}") = "osgUtil", "..\src\osgUtil\osgUtil.vcxproj", "{09BAECB6-1DB1-3F30-AF2A-D55CC85E01ED}"
	ProjectSection(ProjectDependencies) = postProject
		{10592B96-AB69-36A4-841A-4177B2A1FDA6} = {10592B96-AB69-36A4-841A-4177B2A1FDA6}
		{47374672-47C2-3AD9-A725-17FCAB695393} = {47374672-47C2-3AD9-A725-17FCAB695393}
		{5249FC75-6BDF-33E8-90F5-66ED13082D94} = {5249FC75-6BDF-33E8-90F5-66ED13082D94}
	EndProjectSection
EndProject
Project("{8BC9CEB8-8B4A-11D0-8D11-00A0C91BC942}") = "osgViewer", "..\src\osgViewer\osgViewer.vcxproj", "{1BF14650-F8FB-3022-93E2-F08EA3581411}"
	ProjectSection(ProjectDependencies) = postProject
		{10592B96-AB69-36A4-841A-4177B2A1FDA6} = {10592B96-AB69-36A4-841A-4177B2A1FDA6}
		{47374672-47C2-3AD9-A725-17FCAB695393} = {47374672-47C2-3AD9-A725-17FCAB695393}
		{5249FC75-6BDF-33E8-90F5-66ED13082D94} = {5249FC75-6BDF-33E8-90F5-66ED13082D94}
		{5F3169EA-5DA2-3406-83BE-300ED45CE439} = {5F3169EA-5DA2-3406-83BE-300ED45CE439}
		{1CD419D0-9CC1-3C05-A7DA-C132B55D057B} = {1CD419D0-9CC1-3C05-A7DA-C132B55D057B}
		{9202CFD4-F2B0-3F53-9A62-12BDA61D461B} = {9202CFD4-F2B0-3F53-9A62-12BDA61D461B}
		{09BAECB6-1DB1-3F30-AF2A-D55CC85E01ED} = {09BAECB6-1DB1-3F30-AF2A-D55CC85E01ED}
	EndProjectSection
EndProject
Global
	GlobalSection(SolutionConfigurationPlatforms) = preSolution
		Debug|x64 = Debug|x64
		Release|x64 = Release|x64
		MinSizeRel|x64 = MinSizeRel|x64
		RelWithDebInfo|x64 = RelWithDebInfo|x64
	EndGlobalSection
	GlobalSection(ProjectConfigurationPlatforms) = postSolution
		{C50A7712-A193-3038-9AE2-41E0EFCE27FF}.Debug|x64.ActiveCfg = Debug|x64
		{C50A7712-A193-3038-9AE2-41E0EFCE27FF}.Debug|x64.Build.0 = Debug|x64
		{C50A7712-A193-3038-9AE2-41E0EFCE27FF}.Release|x64.ActiveCfg = Release|x64
		{C50A7712-A193-3038-9AE2-41E0EFCE27FF}.Release|x64.Build.0 = Release|x64
		{C50A7712-A193-3038-9AE2-41E0EFCE27FF}.MinSizeRel|x64.ActiveCfg = MinSizeRel|x64
		{C50A7712-A193-3038-9AE2-41E0EFCE27FF}.MinSizeRel|x64.Build.0 = MinSizeRel|x64
		{C50A7712-A193-3038-9AE2-41E0EFCE27FF}.RelWithDebInfo|x64.ActiveCfg = RelWithDebInfo|x64
		{C50A7712-A193-3038-9AE2-41E0EFCE27FF}.RelWithDebInfo|x64.Build.0 = RelWithDebInfo|x64
		{4D5BEB62-4180-3CF4-B705-6BCEAEC20A2E}.Debug|x64.ActiveCfg = Debug|x64
		{4D5BEB62-4180-3CF4-B705-6BCEAEC20A2E}.Release|x64.ActiveCfg = Release|x64
		{4D5BEB62-4180-3CF4-B705-6BCEAEC20A2E}.MinSizeRel|x64.ActiveCfg = MinSizeRel|x64
		{4D5BEB62-4180-3CF4-B705-6BCEAEC20A2E}.RelWithDebInfo|x64.ActiveCfg = RelWithDebInfo|x64
		{10592B96-AB69-36A4-841A-4177B2A1FDA6}.Debug|x64.ActiveCfg = Debug|x64
		{10592B96-AB69-36A4-841A-4177B2A1FDA6}.Debug|x64.Build.0 = Debug|x64
		{10592B96-AB69-36A4-841A-4177B2A1FDA6}.Release|x64.ActiveCfg = Release|x64
		{10592B96-AB69-36A4-841A-4177B2A1FDA6}.Release|x64.Build.0 = Release|x64
		{10592B96-AB69-36A4-841A-4177B2A1FDA6}.MinSizeRel|x64.ActiveCfg = MinSizeRel|x64
		{10592B96-AB69-36A4-841A-4177B2A1FDA6}.MinSizeRel|x64.Build.0 = MinSizeRel|x64
		{10592B96-AB69-36A4-841A-4177B2A1FDA6}.RelWithDebInfo|x64.ActiveCfg = RelWithDebInfo|x64
		{10592B96-AB69-36A4-841A-4177B2A1FDA6}.RelWithDebInfo|x64.Build.0 = RelWithDebInfo|x64
		{47374672-47C2-3AD9-A725-17FCAB695393}.Debug|x64.ActiveCfg = Debug|x64
		{47374672-47C2-3AD9-A725-17FCAB695393}.Debug|x64.Build.0 = Debug|x64
		{47374672-47C2-3AD9-A725-17FCAB695393}.Release|x64.ActiveCfg = Release|x64
		{47374672-47C2-3AD9-A725-17FCAB695393}.Release|x64.Build.0 = Release|x64
		{47374672-47C2-3AD9-A725-17FCAB695393}.MinSizeRel|x64.ActiveCfg = MinSizeRel|x64
		{47374672-47C2-3AD9-A725-17FCAB695393}.MinSizeRel|x64.Build.0 = MinSizeRel|x64
		{47374672-47C2-3AD9-A725-17FCAB695393}.RelWithDebInfo|x64.ActiveCfg = RelWithDebInfo|x64
		{47374672-47C2-3AD9-A725-17FCAB695393}.RelWithDebInfo|x64.Build.0 = RelWithDebInfo|x64
		{5657AB9C-6781-300A-BA9B-9E5ADDFC9830}.Debug|x64.ActiveCfg = Debug|x64
		{5657AB9C-6781-300A-BA9B-9E5ADDFC9830}.Debug|x64.Build.0 = Debug|x64
		{5657AB9C-6781-300A-BA9B-9E5ADDFC9830}.Release|x64.ActiveCfg = Release|x64
		{5657AB9C-6781-300A-BA9B-9E5ADDFC9830}.Release|x64.Build.0 = Release|x64
		{5657AB9C-6781-300A-BA9B-9E5ADDFC9830}.MinSizeRel|x64.ActiveCfg = MinSizeRel|x64
		{5657AB9C-6781-300A-BA9B-9E5ADDFC9830}.MinSizeRel|x64.Build.0 = MinSizeRel|x64
		{5657AB9C-6781-300A-BA9B-9E5ADDFC9830}.RelWithDebInfo|x64.ActiveCfg = RelWithDebInfo|x64
		{5657AB9C-6781-300A-BA9B-9E5ADDFC9830}.RelWithDebInfo|x64.Build.0 = RelWithDebInfo|x64
		{7F172154-6C4F-3951-A20B-E37E57B771FB}.Debug|x64.ActiveCfg = Debug|x64
		{7F172154-6C4F-3951-A20B-E37E57B771FB}.Debug|x64.Build.0 = Debug|x64
		{7F172154-6C4F-3951-A20B-E37E57B771FB}.Release|x64.ActiveCfg = Release|x64
		{7F172154-6C4F-3951-A20B-E37E57B771FB}.Release|x64.Build.0 = Release|x64
		{7F172154-6C4F-3951-A20B-E37E57B771FB}.MinSizeRel|x64.ActiveCfg = MinSizeRel|x64
		{7F172154-6C4F-3951-A20B-E37E57B771FB}.MinSizeRel|x64.Build.0 = MinSizeRel|x64
		{7F172154-6C4F-3951-A20B-E37E57B771FB}.RelWithDebInfo|x64.ActiveCfg = RelWithDebInfo|x64
		{7F172154-6C4F-3951-A20B-E37E57B771FB}.RelWithDebInfo|x64.Build.0 = RelWithDebInfo|x64
		{5E53C4D8-9132-318D-BDF9-B462C69B5E24}.Debug|x64.ActiveCfg = Debug|x64
		{5E53C4D8-9132-318D-BDF9-B462C69B5E24}.Debug|x64.Build.0 = Debug|x64
		{5E53C4D8-9132-318D-BDF9-B462C69B5E24}.Release|x64.ActiveCfg = Release|x64
		{5E53C4D8-9132-318D-BDF9-B462C69B5E24}.Release|x64.Build.0 = Release|x64
		{5E53C4D8-9132-318D-BDF9-B462C69B5E24}.MinSizeRel|x64.ActiveCfg = MinSizeRel|x64
		{5E53C4D8-9132-318D-BDF9-B462C69B5E24}.MinSizeRel|x64.Build.0 = MinSizeRel|x64
		{5E53C4D8-9132-318D-BDF9-B462C69B5E24}.RelWithDebInfo|x64.ActiveCfg = RelWithDebInfo|x64
		{5E53C4D8-9132-318D-BDF9-B462C69B5E24}.RelWithDebInfo|x64.Build.0 = RelWithDebInfo|x64
		{2E1D22AF-E71F-376F-AF8C-ECE2B722C128}.Debug|x64.ActiveCfg = Debug|x64
		{2E1D22AF-E71F-376F-AF8C-ECE2B722C128}.Debug|x64.Build.0 = Debug|x64
		{2E1D22AF-E71F-376F-AF8C-ECE2B722C128}.Release|x64.ActiveCfg = Release|x64
		{2E1D22AF-E71F-376F-AF8C-ECE2B722C128}.Release|x64.Build.0 = Release|x64
		{2E1D22AF-E71F-376F-AF8C-ECE2B722C128}.MinSizeRel|x64.ActiveCfg = MinSizeRel|x64
		{2E1D22AF-E71F-376F-AF8C-ECE2B722C128}.MinSizeRel|x64.Build.0 = MinSizeRel|x64
		{2E1D22AF-E71F-376F-AF8C-ECE2B722C128}.RelWithDebInfo|x64.ActiveCfg = RelWithDebInfo|x64
		{2E1D22AF-E71F-376F-AF8C-ECE2B722C128}.RelWithDebInfo|x64.Build.0 = RelWithDebInfo|x64
		{9E339267-79BF-349D-BA24-83E6B0ED5AFF}.Debug|x64.ActiveCfg = Debug|x64
		{9E339267-79BF-349D-BA24-83E6B0ED5AFF}.Debug|x64.Build.0 = Debug|x64
		{9E339267-79BF-349D-BA24-83E6B0ED5AFF}.Release|x64.ActiveCfg = Release|x64
		{9E339267-79BF-349D-BA24-83E6B0ED5AFF}.Release|x64.Build.0 = Release|x64
		{9E339267-79BF-349D-BA24-83E6B0ED5AFF}.MinSizeRel|x64.ActiveCfg = MinSizeRel|x64
		{9E339267-79BF-349D-BA24-83E6B0ED5AFF}.MinSizeRel|x64.Build.0 = MinSizeRel|x64
		{9E339267-79BF-349D-BA24-83E6B0ED5AFF}.RelWithDebInfo|x64.ActiveCfg = RelWithDebInfo|x64
		{9E339267-79BF-349D-BA24-83E6B0ED5AFF}.RelWithDebInfo|x64.Build.0 = RelWithDebInfo|x64
		{5249FC75-6BDF-33E8-90F5-66ED13082D94}.Debug|x64.ActiveCfg = Debug|x64
		{5249FC75-6BDF-33E8-90F5-66ED13082D94}.Debug|x64.Build.0 = Debug|x64
		{5249FC75-6BDF-33E8-90F5-66ED13082D94}.Release|x64.ActiveCfg = Release|x64
		{5249FC75-6BDF-33E8-90F5-66ED13082D94}.Release|x64.Build.0 = Release|x64
		{5249FC75-6BDF-33E8-90F5-66ED13082D94}.MinSizeRel|x64.ActiveCfg = MinSizeRel|x64
		{5249FC75-6BDF-33E8-90F5-66ED13082D94}.MinSizeRel|x64.Build.0 = MinSizeRel|x64
		{5249FC75-6BDF-33E8-90F5-66ED13082D94}.RelWithDebInfo|x64.ActiveCfg = RelWithDebInfo|x64
		{5249FC75-6BDF-33E8-90F5-66ED13082D94}.RelWithDebInfo|x64.Build.0 = RelWithDebInfo|x64
		{5F3169EA-5DA2-3406-83BE-300ED45CE439}.Debug|x64.ActiveCfg = Debug|x64
		{5F3169EA-5DA2-3406-83BE-300ED45CE439}.Debug|x64.Build.0 = Debug|x64
		{5F3169EA-5DA2-3406-83BE-300ED45CE439}.Release|x64.ActiveCfg = Release|x64
		{5F3169EA-5DA2-3406-83BE-300ED45CE439}.Release|x64.Build.0 = Release|x64
		{5F3169EA-5DA2-3406-83BE-300ED45CE439}.MinSizeRel|x64.ActiveCfg = MinSizeRel|x64
		{5F3169EA-5DA2-3406-83BE-300ED45CE439}.MinSizeRel|x64.Build.0 = MinSizeRel|x64
		{5F3169EA-5DA2-3406-83BE-300ED45CE439}.RelWithDebInfo|x64.ActiveCfg = RelWithDebInfo|x64
		{5F3169EA-5DA2-3406-83BE-300ED45CE439}.RelWithDebInfo|x64.Build.0 = RelWithDebInfo|x64
		{1CD419D0-9CC1-3C05-A7DA-C132B55D057B}.Debug|x64.ActiveCfg = Debug|x64
		{1CD419D0-9CC1-3C05-A7DA-C132B55D057B}.Debug|x64.Build.0 = Debug|x64
		{1CD419D0-9CC1-3C05-A7DA-C132B55D057B}.Release|x64.ActiveCfg = Release|x64
		{1CD419D0-9CC1-3C05-A7DA-C132B55D057B}.Release|x64.Build.0 = Release|x64
		{1CD419D0-9CC1-3C05-A7DA-C132B55D057B}.MinSizeRel|x64.ActiveCfg = MinSizeRel|x64
		{1CD419D0-9CC1-3C05-A7DA-C132B55D057B}.MinSizeRel|x64.Build.0 = MinSizeRel|x64
		{1CD419D0-9CC1-3C05-A7DA-C132B55D057B}.RelWithDebInfo|x64.ActiveCfg = RelWithDebInfo|x64
		{1CD419D0-9CC1-3C05-A7DA-C132B55D057B}.RelWithDebInfo|x64.Build.0 = RelWithDebInfo|x64
		{5A32C59E-D2E1-3945-9818-A6B8D3037E7E}.Debug|x64.ActiveCfg = Debug|x64
		{5A32C59E-D2E1-3945-9818-A6B8D3037E7E}.Debug|x64.Build.0 = Debug|x64
		{5A32C59E-D2E1-3945-9818-A6B8D3037E7E}.Release|x64.ActiveCfg = Release|x64
		{5A32C59E-D2E1-3945-9818-A6B8D3037E7E}.Release|x64.Build.0 = Release|x64
		{5A32C59E-D2E1-3945-9818-A6B8D3037E7E}.MinSizeRel|x64.ActiveCfg = MinSizeRel|x64
		{5A32C59E-D2E1-3945-9818-A6B8D3037E7E}.MinSizeRel|x64.Build.0 = MinSizeRel|x64
		{5A32C59E-D2E1-3945-9818-A6B8D3037E7E}.RelWithDebInfo|x64.ActiveCfg = RelWithDebInfo|x64
		{5A32C59E-D2E1-3945-9818-A6B8D3037E7E}.RelWithDebInfo|x64.Build.0 = RelWithDebInfo|x64
		{9202CFD4-F2B0-3F53-9A62-12BDA61D461B}.Debug|x64.ActiveCfg = Debug|x64
		{9202CFD4-F2B0-3F53-9A62-12BDA61D461B}.Debug|x64.Build.0 = Debug|x64
		{9202CFD4-F2B0-3F53-9A62-12BDA61D461B}.Release|x64.ActiveCfg = Release|x64
		{9202CFD4-F2B0-3F53-9A62-12BDA61D461B}.Release|x64.Build.0 = Release|x64
		{9202CFD4-F2B0-3F53-9A62-12BDA61D461B}.MinSizeRel|x64.ActiveCfg = MinSizeRel|x64
		{9202CFD4-F2B0-3F53-9A62-12BDA61D461B}.MinSizeRel|x64.Build.0 = MinSizeRel|x64
		{9202CFD4-F2B0-3F53-9A62-12BDA61D461B}.RelWithDebInfo|x64.ActiveCfg = RelWithDebInfo|x64
		{9202CFD4-F2B0-3F53-9A62-12BDA61D461B}.RelWithDebInfo|x64.Build.0 = RelWithDebInfo|x64
		{09BAECB6-1DB1-3F30-AF2A-D55CC85E01ED}.Debug|x64.ActiveCfg = Debug|x64
		{09BAECB6-1DB1-3F30-AF2A-D55CC85E01ED}.Debug|x64.Build.0 = Debug|x64
		{09BAECB6-1DB1-3F30-AF2A-D55CC85E01ED}.Release|x64.ActiveCfg = Release|x64
		{09BAECB6-1DB1-3F30-AF2A-D55CC85E01ED}.Release|x64.Build.0 = Release|x64
		{09BAECB6-1DB1-3F30-AF2A-D55CC85E01ED}.MinSizeRel|x64.ActiveCfg = MinSizeRel|x64
		{09BAECB6-1DB1-3F30-AF2A-D55CC85E01ED}.MinSizeRel|x64.Build.0 = MinSizeRel|x64
		{09BAECB6-1DB1-3F30-AF2A-D55CC85E01ED}.RelWithDebInfo|x64.ActiveCfg = RelWithDebInfo|x64
		{09BAECB6-1DB1-3F30-AF2A-D55CC85E01ED}.RelWithDebInfo|x64.Build.0 = RelWithDebInfo|x64
		{1BF14650-F8FB-3022-93E2-F08EA3581411}.Debug|x64.ActiveCfg = Debug|x64
		{1BF14650-F8FB-3022-93E2-F08EA3581411}.Debug|x64.Build.0 = Debug|x64
		{1BF14650-F8FB-3022-93E2-F08EA3581411}.Release|x64.ActiveCfg = Release|x64
		{1BF14650-F8FB-3022-93E2-F08EA3581411}.Release|x64.Build.0 = Release|x64
		{1BF14650-F8FB-3022-93E2-F08EA3581411}.MinSizeRel|x64.ActiveCfg = MinSizeRel|x64
		{1BF14650-F8FB-3022-93E2-F08EA3581411}.MinSizeRel|x64.Build.0 = MinSizeRel|x64
		{1BF14650-F8FB-3022-93E2-F08EA3581411}.RelWithDebInfo|x64.ActiveCfg = RelWithDebInfo|x64
		{1BF14650-F8FB-3022-93E2-F08EA3581411}.RelWithDebInfo|x64.Build.0 = RelWithDebInfo|x64
	EndGlobalSection
	GlobalSection(NestedProjects) = preSolution
		{C50A7712-A193-3038-9AE2-41E0EFCE27FF} = {3E4ACBDF-F299-3D33-A3B1-5FEA80586601}
		{4D5BEB62-4180-3CF4-B705-6BCEAEC20A2E} = {3E4ACBDF-F299-3D33-A3B1-5FEA80586601}
		{47374672-47C2-3AD9-A725-17FCAB695393} = {3E4ACBDF-F299-3D33-A3B1-5FEA80586601}
	EndGlobalSection
	GlobalSection(ExtensibilityGlobals) = postSolution
		SolutionGuid = {0A7AD797-628D-3841-AC75-ECD5A1DAEABC}
	EndGlobalSection
	GlobalSection(ExtensibilityAddIns) = postSolution
	EndGlobalSection
EndGlobal
