<?xml version="1.0" encoding="utf-8"?>
<Project ToolsVersion="17.0" xmlns="http://schemas.microsoft.com/developer/msbuild/2003">
  <ItemGroup>
    <ClCompile Include="C:\src\osg2.6.1\OpenSceneGraph\src\osgFX\AnisotropicLighting.cpp">
      <Filter>Source Files</Filter>
    </ClCompile>
    <ClCompile Include="C:\src\osg2.6.1\OpenSceneGraph\src\osgFX\BumpMapping.cpp">
      <Filter>Source Files</Filter>
    </ClCompile>
    <ClCompile Include="C:\src\osg2.6.1\OpenSceneGraph\src\osgFX\Cartoon.cpp">
      <Filter>Source Files</Filter>
    </ClCompile>
    <ClCompile Include="C:\src\osg2.6.1\OpenSceneGraph\src\osgFX\Effect.cpp">
      <Filter>Source Files</Filter>
    </ClCompile>
    <ClCompile Include="C:\src\osg2.6.1\OpenSceneGraph\src\osgFX\MultiTextureControl.cpp">
      <Filter>Source Files</Filter>
    </ClCompile>
    <ClCompile Include="C:\src\osg2.6.1\OpenSceneGraph\src\osgFX\Registry.cpp">
      <Filter>Source Files</Filter>
    </ClCompile>
    <ClCompile Include="C:\src\osg2.6.1\OpenSceneGraph\src\osgFX\Scribe.cpp">
      <Filter>Source Files</Filter>
    </ClCompile>
    <ClCompile Include="C:\src\osg2.6.1\OpenSceneGraph\src\osgFX\SpecularHighlights.cpp">
      <Filter>Source Files</Filter>
    </ClCompile>
    <ClCompile Include="C:\src\osg2.6.1\OpenSceneGraph\src\osgFX\Technique.cpp">
      <Filter>Source Files</Filter>
    </ClCompile>
    <ClCompile Include="C:\src\osg2.6.1\OpenSceneGraph\src\osgFX\Validator.cpp">
      <Filter>Source Files</Filter>
    </ClCompile>
    <ClCompile Include="C:\src\osg2.6.1\OpenSceneGraph\src\osgFX\Version.cpp">
      <Filter>Source Files</Filter>
    </ClCompile>
  </ItemGroup>
  <ItemGroup>
    <CustomBuild Include="C:\src\osg2.6.1\OpenSceneGraph\src\osgFX\CMakeLists.txt" />
  </ItemGroup>
  <ItemGroup>
    <None Include="C:\src\osg2.6.1\OpenSceneGraph\include\osgFX\AnisotropicLighting">
      <Filter>Header Files</Filter>
    </None>
    <None Include="C:\src\osg2.6.1\OpenSceneGraph\include\osgFX\BumpMapping">
      <Filter>Header Files</Filter>
    </None>
    <None Include="C:\src\osg2.6.1\OpenSceneGraph\include\osgFX\Cartoon">
      <Filter>Header Files</Filter>
    </None>
    <None Include="C:\src\osg2.6.1\OpenSceneGraph\include\osgFX\Effect">
      <Filter>Header Files</Filter>
    </None>
    <None Include="C:\src\osg2.6.1\OpenSceneGraph\include\osgFX\Export">
      <Filter>Header Files</Filter>
    </None>
    <None Include="C:\src\osg2.6.1\OpenSceneGraph\include\osgFX\MultiTextureControl">
      <Filter>Header Files</Filter>
    </None>
    <None Include="C:\src\osg2.6.1\OpenSceneGraph\include\osgFX\Registry">
      <Filter>Header Files</Filter>
    </None>
    <None Include="C:\src\osg2.6.1\OpenSceneGraph\include\osgFX\Scribe">
      <Filter>Header Files</Filter>
    </None>
    <None Include="C:\src\osg2.6.1\OpenSceneGraph\include\osgFX\SpecularHighlights">
      <Filter>Header Files</Filter>
    </None>
    <None Include="C:\src\osg2.6.1\OpenSceneGraph\include\osgFX\Technique">
      <Filter>Header Files</Filter>
    </None>
    <None Include="C:\src\osg2.6.1\OpenSceneGraph\include\osgFX\Validator">
      <Filter>Header Files</Filter>
    </None>
    <None Include="C:\src\osg2.6.1\OpenSceneGraph\include\osgFX\Version">
      <Filter>Header Files</Filter>
    </None>
  </ItemGroup>
  <ItemGroup>
    <Filter Include="Header Files">
      <UniqueIdentifier>{153317EA-AC9E-3DA2-8389-BDBDCAFE6BAA}</UniqueIdentifier>
    </Filter>
    <Filter Include="Source Files">
      <UniqueIdentifier>{F7F73EB7-E351-383F-8A59-27F655577B0D}</UniqueIdentifier>
    </Filter>
  </ItemGroup>
</Project>
