<?xml version="1.0" encoding="utf-8"?>
<Project ToolsVersion="17.0" xmlns="http://schemas.microsoft.com/developer/msbuild/2003">
  <ItemGroup>
    <ClCompile Include="C:\src\osg\OpenSceneGraph\src\osgFX\AnisotropicLighting.cpp">
      <Filter>Source Files</Filter>
    </ClCompile>
    <ClCompile Include="C:\src\osg\OpenSceneGraph\src\osgFX\BumpMapping.cpp">
      <Filter>Source Files</Filter>
    </ClCompile>
    <ClCompile Include="C:\src\osg\OpenSceneGraph\src\osgFX\Cartoon.cpp">
      <Filter>Source Files</Filter>
    </ClCompile>
    <ClCompile Include="C:\src\osg\OpenSceneGraph\src\osgFX\Effect.cpp">
      <Filter>Source Files</Filter>
    </ClCompile>
    <ClCompile Include="C:\src\osg\OpenSceneGraph\src\osgFX\MultiTextureControl.cpp">
      <Filter>Source Files</Filter>
    </ClCompile>
    <ClCompile Include="C:\src\osg\OpenSceneGraph\src\osgFX\Registry.cpp">
      <Filter>Source Files</Filter>
    </ClCompile>
    <ClCompile Include="C:\src\osg\OpenSceneGraph\src\osgFX\Scribe.cpp">
      <Filter>Source Files</Filter>
    </ClCompile>
    <ClCompile Include="C:\src\osg\OpenSceneGraph\src\osgFX\SpecularHighlights.cpp">
      <Filter>Source Files</Filter>
    </ClCompile>
    <ClCompile Include="C:\src\osg\OpenSceneGraph\src\osgFX\Technique.cpp">
      <Filter>Source Files</Filter>
    </ClCompile>
    <ClCompile Include="C:\src\osg\OpenSceneGraph\src\osgFX\Validator.cpp">
      <Filter>Source Files</Filter>
    </ClCompile>
    <ClCompile Include="C:\src\osg\OpenSceneGraph\src\osgFX\Version.cpp">
      <Filter>Source Files</Filter>
    </ClCompile>
  </ItemGroup>
  <ItemGroup>
    <CustomBuild Include="C:\src\osg\OpenSceneGraph\src\osgFX\CMakeLists.txt" />
  </ItemGroup>
  <ItemGroup>
    <None Include="C:\src\osg\OpenSceneGraph\include\osgFX\AnisotropicLighting">
      <Filter>Header Files</Filter>
    </None>
    <None Include="C:\src\osg\OpenSceneGraph\include\osgFX\BumpMapping">
      <Filter>Header Files</Filter>
    </None>
    <None Include="C:\src\osg\OpenSceneGraph\include\osgFX\Cartoon">
      <Filter>Header Files</Filter>
    </None>
    <None Include="C:\src\osg\OpenSceneGraph\include\osgFX\Effect">
      <Filter>Header Files</Filter>
    </None>
    <None Include="C:\src\osg\OpenSceneGraph\include\osgFX\Export">
      <Filter>Header Files</Filter>
    </None>
    <None Include="C:\src\osg\OpenSceneGraph\include\osgFX\MultiTextureControl">
      <Filter>Header Files</Filter>
    </None>
    <None Include="C:\src\osg\OpenSceneGraph\include\osgFX\Registry">
      <Filter>Header Files</Filter>
    </None>
    <None Include="C:\src\osg\OpenSceneGraph\include\osgFX\Scribe">
      <Filter>Header Files</Filter>
    </None>
    <None Include="C:\src\osg\OpenSceneGraph\include\osgFX\SpecularHighlights">
      <Filter>Header Files</Filter>
    </None>
    <None Include="C:\src\osg\OpenSceneGraph\include\osgFX\Technique">
      <Filter>Header Files</Filter>
    </None>
    <None Include="C:\src\osg\OpenSceneGraph\include\osgFX\Validator">
      <Filter>Header Files</Filter>
    </None>
    <None Include="C:\src\osg\OpenSceneGraph\include\osgFX\Version">
      <Filter>Header Files</Filter>
    </None>
  </ItemGroup>
  <ItemGroup>
    <Filter Include="Header Files">
      <UniqueIdentifier>{1001FD7A-F899-3469-8133-CD2F5F167162}</UniqueIdentifier>
    </Filter>
    <Filter Include="Source Files">
      <UniqueIdentifier>{BAB03155-AEB5-3948-8F07-5A5E42FC2B00}</UniqueIdentifier>
    </Filter>
  </ItemGroup>
</Project>
