<?xml version="1.0" encoding="utf-8"?>
<Project ToolsVersion="17.0" xmlns="http://schemas.microsoft.com/developer/msbuild/2003">
  <ItemGroup>
    <CustomBuild Include="C:\src\osg2.6.1\OpenSceneGraph\build\CMakeFiles\3bbd4fa01ee1ea9e7057c82a9983e6d6\INSTALL_force.rule">
      <Filter>CMake Rules</Filter>
    </CustomBuild>
  </ItemGroup>
  <ItemGroup>
    <Filter Include="CMake Rules">
      <UniqueIdentifier>{14E64944-0323-323E-AFA1-6D4F9878DB0F}</UniqueIdentifier>
    </Filter>
  </ItemGroup>
</Project>
