<?xml version="1.0" encoding="utf-8"?>
<Project ToolsVersion="17.0" xmlns="http://schemas.microsoft.com/developer/msbuild/2003">
  <ItemGroup>
    <ClCompile Include="C:\src\osg2.6.1\OpenSceneGraph\src\osgPlugins\osgFX\IO_AnisotropicLighting.cpp">
      <Filter>Source Files</Filter>
    </ClCompile>
    <ClCompile Include="C:\src\osg2.6.1\OpenSceneGraph\src\osgPlugins\osgFX\IO_BumpMapping.cpp">
      <Filter>Source Files</Filter>
    </ClCompile>
    <ClCompile Include="C:\src\osg2.6.1\OpenSceneGraph\src\osgPlugins\osgFX\IO_Cartoon.cpp">
      <Filter>Source Files</Filter>
    </ClCompile>
    <ClCompile Include="C:\src\osg2.6.1\OpenSceneGraph\src\osgPlugins\osgFX\IO_Effect.cpp">
      <Filter>Source Files</Filter>
    </ClCompile>
    <ClCompile Include="C:\src\osg2.6.1\OpenSceneGraph\src\osgPlugins\osgFX\IO_MultiTextureControl.cpp">
      <Filter>Source Files</Filter>
    </ClCompile>
    <ClCompile Include="C:\src\osg2.6.1\OpenSceneGraph\src\osgPlugins\osgFX\IO_Scribe.cpp">
      <Filter>Source Files</Filter>
    </ClCompile>
    <ClCompile Include="C:\src\osg2.6.1\OpenSceneGraph\src\osgPlugins\osgFX\IO_SpecularHighlights.cpp">
      <Filter>Source Files</Filter>
    </ClCompile>
  </ItemGroup>
  <ItemGroup>
    <CustomBuild Include="C:\src\osg2.6.1\OpenSceneGraph\src\osgPlugins\osgFX\CMakeLists.txt" />
  </ItemGroup>
  <ItemGroup>
    <Filter Include="Source Files">
      <UniqueIdentifier>{F7F73EB7-E351-383F-8A59-27F655577B0D}</UniqueIdentifier>
    </Filter>
  </ItemGroup>
</Project>
